
Microsoft Visual Studio Solution File, Format Version 12.00
# Visual Studio Version 16
VisualStudioVersion = 16.0.31410.357
MinimumVisualStudioVersion = 10.0.40219.1
Project("{FAE04EC0-301F-11D3-BF4B-00C04F79EFBC}") = "WebApp", "WebApp\WebApp.csproj", "{2EEF4000-2CBB-4633-A79D-64022EC9DFD4}"
EndProject
Global
	GlobalSection(SolutionConfigurationPlatforms) = preSolution
		Debug|Any CPU = Debug|Any CPU
		Release|Any CPU = Release|Any CPU
	EndGlobalSection
	GlobalSection(ProjectConfigurationPlatforms) = postSolution
		{2EEF4000-2CBB-4633-A79D-64022EC9DFD4}.Debug|Any CPU.ActiveCfg = Debug|Any CPU
		{2EEF4000-2CBB-4633-A79D-64022EC9DFD4}.Debug|Any CPU.Build.0 = Debug|Any CPU
		{2EEF4000-2CBB-4633-A79D-64022EC9DFD4}.Release|Any CPU.ActiveCfg = Release|Any CPU
		{2EEF4000-2CBB-4633-A79D-64022EC9DFD4}.Release|Any CPU.Build.0 = Release|Any CPU
	EndGlobalSection
	GlobalSection(SolutionProperties) = preSolution
		HideSolutionNode = FALSE
	EndGlobalSection
	GlobalSection(ExtensibilityGlobals) = postSolution
		SolutionGuid = {129DC071-100B-44AD-8FF6-BE5AB3782B27}
	EndGlobalSection
EndGlobal
